
Microsoft Visual Studio Solution File, Format Version 12.00
# Visual Studio Version 17
VisualStudioVersion = 17.8.34511.84
MinimumVisualStudioVersion = 10.0.40219.1
Project("{FAE04EC0-301F-11D3-BF4B-00C04F79EFBC}") = "CryptoRankApp", "CryptoRankApp\CryptoRankApp.csproj", "{D2172F12-0899-4E09-9F81-8BC6E903A7AF}"
EndProject
Global
	GlobalSection(SolutionConfigurationPlatforms) = preSolution
		Debug|Any CPU = Debug|Any CPU
		Release|Any CPU = Release|Any CPU
	EndGlobalSection
	GlobalSection(ProjectConfigurationPlatforms) = postSolution
		{D2172F12-0899-4E09-9F81-8BC6E903A7AF}.Debug|Any CPU.ActiveCfg = Debug|Any CPU
		{D2172F12-0899-4E09-9F81-8BC6E903A7AF}.Debug|Any CPU.Build.0 = Debug|Any CPU
		{D2172F12-0899-4E09-9F81-8BC6E903A7AF}.Release|Any CPU.ActiveCfg = Release|Any CPU
		{D2172F12-0899-4E09-9F81-8BC6E903A7AF}.Release|Any CPU.Build.0 = Release|Any CPU
	EndGlobalSection
	GlobalSection(SolutionProperties) = preSolution
		HideSolutionNode = FALSE
	EndGlobalSection
	GlobalSection(ExtensibilityGlobals) = postSolution
		SolutionGuid = {DF34BE32-7EED-48EA-BF42-7E6D50A1DB01}
	EndGlobalSection
EndGlobal
